Microsoft Visual Studio Solution File, Format Version 12.00
# Visual Studio 2012
Project("{FAE04EC0-301F-11D3-BF4B-00C04F79EFBC}") = "C Sharp-godot-platformer- 2d", "C Sharp-godot-platformer- 2d.csproj", "{8E7F756D-D876-4A9B-A960-C186F7603327}"
EndProject
Global
	GlobalSection(SolutionConfigurationPlatforms) = preSolution
	Debug|Any CPU = Debug|Any CPU
	ExportDebug|Any CPU = ExportDebug|Any CPU
	ExportRelease|Any CPU = ExportRelease|Any CPU
	EndGlobalSection
	GlobalSection(ProjectConfigurationPlatforms) = postSolution
		{8E7F756D-D876-4A9B-A960-C186F7603327}.Debug|Any CPU.ActiveCfg = Debug|Any CPU
		{8E7F756D-D876-4A9B-A960-C186F7603327}.Debug|Any CPU.Build.0 = Debug|Any CPU
		{8E7F756D-D876-4A9B-A960-C186F7603327}.ExportDebug|Any CPU.ActiveCfg = ExportDebug|Any CPU
		{8E7F756D-D876-4A9B-A960-C186F7603327}.ExportDebug|Any CPU.Build.0 = ExportDebug|Any CPU
		{8E7F756D-D876-4A9B-A960-C186F7603327}.ExportRelease|Any CPU.ActiveCfg = ExportRelease|Any CPU
		{8E7F756D-D876-4A9B-A960-C186F7603327}.ExportRelease|Any CPU.Build.0 = ExportRelease|Any CPU
	EndGlobalSection
EndGlobal
